
Microsoft Visual Studio Solution File, Format Version 12.00
# Visual Studio Version 17
VisualStudioVersion = 17.3.32901.215
MinimumVisualStudioVersion = 10.0.40219.1
Project("{FAE04EC0-301F-11D3-BF4B-00C04F79EFBC}") = "date", "date\date.csproj", "{DEE78AFE-A358-4B52-8227-E620E707D7C2}"
EndProject
Global
	GlobalSection(SolutionConfigurationPlatforms) = preSolution
		Debug|Any CPU = Debug|Any CPU
		Release|Any CPU = Release|Any CPU
	EndGlobalSection
	GlobalSection(ProjectConfigurationPlatforms) = postSolution
		{DEE78AFE-A358-4B52-8227-E620E707D7C2}.Debug|Any CPU.ActiveCfg = Debug|Any CPU
		{DEE78AFE-A358-4B52-8227-E620E707D7C2}.Debug|Any CPU.Build.0 = Debug|Any CPU
		{DEE78AFE-A358-4B52-8227-E620E707D7C2}.Release|Any CPU.ActiveCfg = Release|Any CPU
		{DEE78AFE-A358-4B52-8227-E620E707D7C2}.Release|Any CPU.Build.0 = Release|Any CPU
	EndGlobalSection
	GlobalSection(SolutionProperties) = preSolution
		HideSolutionNode = FALSE
	EndGlobalSection
	GlobalSection(ExtensibilityGlobals) = postSolution
		SolutionGuid = {F7699AE9-EC44-4AC5-9E1D-BD5FEA5A4611}
	EndGlobalSection
EndGlobal
